schema: '2.0'
stages:
  download:
    cmd: python src/download.py
    deps:
    - path: src/download.py
      hash: md5
      md5: 1886cc678ebd2c0dc4a32fd65ae95014
      size: 772
    params:
      params.yaml:
        data.kaggle_dataset: phucthaiv02/butterfly-image-classification
    outs:
    - path: data/raw
      hash: md5
      md5: dd2126c078be019ae214a4b424f07b11.dir
      size: 165857713
      nfiles: 6500
  prepare:
    cmd: python src/prepare.py
    deps:
    - path: data/raw
      hash: md5
      md5: dd2126c078be019ae214a4b424f07b11.dir
      size: 165857713
      nfiles: 6500
    - path: src/prepare.py
      hash: md5
      md5: 620a890df8b2f1252dbd24cefde4e67c
      size: 1343
    params:
      params.yaml:
        data.seed: 42
        data.test_size: 0.15
        data.val_size: 0.15
    outs:
    - path: data/prepared
      hash: md5
      md5: 32a90f73c578b6175cf78ad53d7179c2.dir
      size: 247307
      nfiles: 4
  augment:
    cmd: python src/augment.py
    deps:
    - path: data/prepared
      hash: md5
      md5: 32a90f73c578b6175cf78ad53d7179c2.dir
      size: 247307
      nfiles: 4
    - path: data/raw
      hash: md5
      md5: dd2126c078be019ae214a4b424f07b11.dir
      size: 165857713
      nfiles: 6500
    - path: src/augment.py
      hash: md5
      md5: 07a2bb587c7ddcea2f2185ddeaf9b1a8
      size: 2764
    params:
      params.yaml:
        augment:
          seed: 42
          copies_per_image: 2
          image_size: 224
          hflip_p: 0.5
          rotation_deg: 25
          crop_scale_min: 0.7
          brightness: 0.3
          contrast: 0.3
          saturation: 0.3
          hue: 0.05
          blur_p: 0.2
    outs:
    - path: data/augmented
      hash: md5
      md5: cc7fabcf6225597c3563f83fed3cfdab.dir
      size: 208907050
      nfiles: 9099
    - path: plots/augmentation_examples.png
      hash: md5
      md5: 1666855f91331ca2c67787c1d66de99e
      size: 2141745
  featurize:
    cmd: python src/featurize.py
    deps:
    - path: data/augmented
      hash: md5
      md5: cc7fabcf6225597c3563f83fed3cfdab.dir
      size: 208907050
      nfiles: 9099
    - path: data/prepared
      hash: md5
      md5: 32a90f73c578b6175cf78ad53d7179c2.dir
      size: 247307
      nfiles: 4
    - path: data/raw
      hash: md5
      md5: dd2126c078be019ae214a4b424f07b11.dir
      size: 165857713
      nfiles: 6500
    - path: src/featurize.py
      hash: md5
      md5: a74693f52ca5e2ba7639753c431cacbe
      size: 2522
    params:
      params.yaml:
        featurize:
          backbone: efficientnet_b0
          batch_size: 64
          num_workers: 4
    outs:
    - path: data/features
      hash: md5
      md5: 8f980a136f9611bbb8d602ef8aac5d97.dir
      size: 79983376
      nfiles: 4
  train:
    cmd: python src/train.py
    deps:
    - path: data/features
      hash: md5
      md5: 8f980a136f9611bbb8d602ef8aac5d97.dir
      size: 79983376
      nfiles: 4
    - path: src/train.py
      hash: md5
      md5: 7ca047e58a6472d391dec343e050c1da
      size: 1865
    params:
      params.yaml:
        train:
          model: random_forest
          use_augmented: true
          seed: 42
          logreg:
            C: 1.0
            max_iter: 3000
          svm:
            C: 10.0
            kernel: rbf
          random_forest:
            n_estimators: 500
            max_depth:
    outs:
    - path: metrics/train.json
      hash: md5
      md5: 226f2df9cc7baad8f94b2594ff4e05b1
      size: 49
    - path: models/model.joblib
      hash: md5
      md5: b84583655eaf362c796884f052a2cb16
      size: 2468270602
  evaluate:
    cmd: python src/evaluate.py
    deps:
    - path: data/features
      hash: md5
      md5: 8f980a136f9611bbb8d602ef8aac5d97.dir
      size: 79983376
      nfiles: 4
    - path: models/model.joblib
      hash: md5
      md5: b84583655eaf362c796884f052a2cb16
      size: 2468270602
    - path: src/evaluate.py
      hash: md5
      md5: f3df7d6c38e498121d2b2a236861902a
      size: 2146
    outs:
    - path: metrics/eval.json
      hash: md5
      md5: cba219246a8c308cb9443ffbd9a3595e
      size: 246
    - path: plots/confusion.csv
      hash: md5
      md5: c207d79da4dcbca6de5e9b97389283cd
      size: 27503
    - path: plots/confusion_matrix.png
      hash: md5
      md5: e9018dd9153768c6189945e7058b552f
      size: 37647
